
Microsoft Visual Studio Solution File, Format Version 12.00
# Visual Studio Version 17
VisualStudioVersion = 17.14.36518.9
MinimumVisualStudioVersion = 10.0.40219.1
Project("{FAE04EC0-301F-11D3-BF4B-00C04F79EFBC}") = "WEBAPI", "WEBAPI\WEBAPI.csproj", "{C4F8ABBC-9CA7-45F6-8152-5252818C18A8}"
EndProject
Project("{FAE04EC0-301F-11D3-BF4B-00C04F79EFBC}") = "ENTITIES", "ENTITIES\ENTITIES.csproj", "{6E7522DE-9E69-4769-962B-30ECB6164072}"
EndProject
Project("{FAE04EC0-301F-11D3-BF4B-00C04F79EFBC}") = "SERVICES", "SERVICES\SERVICES.csproj", "{CC04BF12-E2FD-4E68-907E-024FE861860D}"
EndProject
Project("{FAE04EC0-301F-11D3-BF4B-00C04F79EFBC}") = "DATAINFRASTRUCTURE", "EF\DATAINFRASTRUCTURE.csproj", "{96B41FFE-B33E-414C-BF68-FC58879DA6CE}"
EndProject
Global
	GlobalSection(SolutionConfigurationPlatforms) = preSolution
		Debug|Any CPU = Debug|Any CPU
		Release|Any CPU = Release|Any CPU
	EndGlobalSection
	GlobalSection(ProjectConfigurationPlatforms) = postSolution
		{C4F8ABBC-9CA7-45F6-8152-5252818C18A8}.Debug|Any CPU.ActiveCfg = Debug|Any CPU
		{C4F8ABBC-9CA7-45F6-8152-5252818C18A8}.Debug|Any CPU.Build.0 = Debug|Any CPU
		{C4F8ABBC-9CA7-45F6-8152-5252818C18A8}.Release|Any CPU.ActiveCfg = Release|Any CPU
		{C4F8ABBC-9CA7-45F6-8152-5252818C18A8}.Release|Any CPU.Build.0 = Release|Any CPU
		{6E7522DE-9E69-4769-962B-30ECB6164072}.Debug|Any CPU.ActiveCfg = Debug|Any CPU
		{6E7522DE-9E69-4769-962B-30ECB6164072}.Debug|Any CPU.Build.0 = Debug|Any CPU
		{6E7522DE-9E69-4769-962B-30ECB6164072}.Release|Any CPU.ActiveCfg = Release|Any CPU
		{6E7522DE-9E69-4769-962B-30ECB6164072}.Release|Any CPU.Build.0 = Release|Any CPU
		{CC04BF12-E2FD-4E68-907E-024FE861860D}.Debug|Any CPU.ActiveCfg = Debug|Any CPU
		{CC04BF12-E2FD-4E68-907E-024FE861860D}.Debug|Any CPU.Build.0 = Debug|Any CPU
		{CC04BF12-E2FD-4E68-907E-024FE861860D}.Release|Any CPU.ActiveCfg = Release|Any CPU
		{CC04BF12-E2FD-4E68-907E-024FE861860D}.Release|Any CPU.Build.0 = Release|Any CPU
		{96B41FFE-B33E-414C-BF68-FC58879DA6CE}.Debug|Any CPU.ActiveCfg = Debug|Any CPU
		{96B41FFE-B33E-414C-BF68-FC58879DA6CE}.Debug|Any CPU.Build.0 = Debug|Any CPU
		{96B41FFE-B33E-414C-BF68-FC58879DA6CE}.Release|Any CPU.ActiveCfg = Release|Any CPU
		{96B41FFE-B33E-414C-BF68-FC58879DA6CE}.Release|Any CPU.Build.0 = Release|Any CPU
	EndGlobalSection
	GlobalSection(SolutionProperties) = preSolution
		HideSolutionNode = FALSE
	EndGlobalSection
	GlobalSection(ExtensibilityGlobals) = postSolution
		SolutionGuid = {89B7ACD6-143F-40BB-AA85-72490DDFDB6A}
	EndGlobalSection
EndGlobal
